
Microsoft Visual Studio Solution File, Format Version 12.00
# Visual Studio 14
VisualStudioVersion = 14.0.25420.1
MinimumVisualStudioVersion = 10.0.40219.1
Project("{8BC9CEB8-8B4A-11D0-8D11-00A0C91BC942}") = "ClonesTests", "ClonesTests\ClonesTests.vcxproj", "{57B4C893-837C-47AD-A368-EF75AF367CC5}"
EndProject
Project("{8BC9CEB8-8B4A-11D0-8D11-00A0C91BC942}") = "Clones", "Clones\Clones.vcxproj", "{8BEB8483-5029-4F14-A149-5C4978800843}"
EndProject
Project("{8BC9CEB8-8B4A-11D0-8D11-00A0C91BC942}") = "AttackPreparing", "AttackPreparing\AttackPreparing.vcxproj", "{2CB3DA4A-E7A2-4DD1-9D9F-15FC72823F93}"
	ProjectSection(ProjectDependencies) = postProject
		{8BEB8483-5029-4F14-A149-5C4978800843} = {8BEB8483-5029-4F14-A149-5C4978800843}
	EndProjectSection
EndProject
Project("{8BC9CEB8-8B4A-11D0-8D11-00A0C91BC942}") = "AttackPreparingTests", "AttackPreparingTests\AttackPreparingTests.vcxproj", "{5B1A6EEF-60C7-43D3-BD0D-F04A59D4856D}"
	ProjectSection(ProjectDependencies) = postProject
		{2CB3DA4A-E7A2-4DD1-9D9F-15FC72823F93} = {2CB3DA4A-E7A2-4DD1-9D9F-15FC72823F93}
	EndProjectSection
EndProject
Project("{8BC9CEB8-8B4A-11D0-8D11-00A0C91BC942}") = "AttackPreparingDemo", "AttackPreparingDemo\AttackPreparingDemo.vcxproj", "{4ED88602-695D-4896-B74C-6BF680C3DA34}"
EndProject
Global
	GlobalSection(SolutionConfigurationPlatforms) = preSolution
		Debug|x64 = Debug|x64
		Debug|x86 = Debug|x86
		Release|x64 = Release|x64
		Release|x86 = Release|x86
	EndGlobalSection
	GlobalSection(ProjectConfigurationPlatforms) = postSolution
		{57B4C893-837C-47AD-A368-EF75AF367CC5}.Debug|x64.ActiveCfg = Debug|x64
		{57B4C893-837C-47AD-A368-EF75AF367CC5}.Debug|x64.Build.0 = Debug|x64
		{57B4C893-837C-47AD-A368-EF75AF367CC5}.Debug|x86.ActiveCfg = Debug|Win32
		{57B4C893-837C-47AD-A368-EF75AF367CC5}.Debug|x86.Build.0 = Debug|Win32
		{57B4C893-837C-47AD-A368-EF75AF367CC5}.Release|x64.ActiveCfg = Release|x64
		{57B4C893-837C-47AD-A368-EF75AF367CC5}.Release|x64.Build.0 = Release|x64
		{57B4C893-837C-47AD-A368-EF75AF367CC5}.Release|x86.ActiveCfg = Release|Win32
		{57B4C893-837C-47AD-A368-EF75AF367CC5}.Release|x86.Build.0 = Release|Win32
		{8BEB8483-5029-4F14-A149-5C4978800843}.Debug|x64.ActiveCfg = Debug|x64
		{8BEB8483-5029-4F14-A149-5C4978800843}.Debug|x64.Build.0 = Debug|x64
		{8BEB8483-5029-4F14-A149-5C4978800843}.Debug|x86.ActiveCfg = Debug|Win32
		{8BEB8483-5029-4F14-A149-5C4978800843}.Debug|x86.Build.0 = Debug|Win32
		{8BEB8483-5029-4F14-A149-5C4978800843}.Release|x64.ActiveCfg = Release|x64
		{8BEB8483-5029-4F14-A149-5C4978800843}.Release|x64.Build.0 = Release|x64
		{8BEB8483-5029-4F14-A149-5C4978800843}.Release|x86.ActiveCfg = Release|Win32
		{8BEB8483-5029-4F14-A149-5C4978800843}.Release|x86.Build.0 = Release|Win32
		{2CB3DA4A-E7A2-4DD1-9D9F-15FC72823F93}.Debug|x64.ActiveCfg = Debug|x64
		{2CB3DA4A-E7A2-4DD1-9D9F-15FC72823F93}.Debug|x64.Build.0 = Debug|x64
		{2CB3DA4A-E7A2-4DD1-9D9F-15FC72823F93}.Debug|x86.ActiveCfg = Debug|Win32
		{2CB3DA4A-E7A2-4DD1-9D9F-15FC72823F93}.Debug|x86.Build.0 = Debug|Win32
		{2CB3DA4A-E7A2-4DD1-9D9F-15FC72823F93}.Release|x64.ActiveCfg = Release|x64
		{2CB3DA4A-E7A2-4DD1-9D9F-15FC72823F93}.Release|x64.Build.0 = Release|x64
		{2CB3DA4A-E7A2-4DD1-9D9F-15FC72823F93}.Release|x86.ActiveCfg = Release|Win32
		{2CB3DA4A-E7A2-4DD1-9D9F-15FC72823F93}.Release|x86.Build.0 = Release|Win32
		{5B1A6EEF-60C7-43D3-BD0D-F04A59D4856D}.Debug|x64.ActiveCfg = Debug|x64
		{5B1A6EEF-60C7-43D3-BD0D-F04A59D4856D}.Debug|x64.Build.0 = Debug|x64
		{5B1A6EEF-60C7-43D3-BD0D-F04A59D4856D}.Debug|x86.ActiveCfg = Debug|Win32
		{5B1A6EEF-60C7-43D3-BD0D-F04A59D4856D}.Debug|x86.Build.0 = Debug|Win32
		{5B1A6EEF-60C7-43D3-BD0D-F04A59D4856D}.Release|x64.ActiveCfg = Release|x64
		{5B1A6EEF-60C7-43D3-BD0D-F04A59D4856D}.Release|x64.Build.0 = Release|x64
		{5B1A6EEF-60C7-43D3-BD0D-F04A59D4856D}.Release|x86.ActiveCfg = Release|Win32
		{5B1A6EEF-60C7-43D3-BD0D-F04A59D4856D}.Release|x86.Build.0 = Release|Win32
		{4ED88602-695D-4896-B74C-6BF680C3DA34}.Debug|x64.ActiveCfg = Debug|x64
		{4ED88602-695D-4896-B74C-6BF680C3DA34}.Debug|x64.Build.0 = Debug|x64
		{4ED88602-695D-4896-B74C-6BF680C3DA34}.Debug|x86.ActiveCfg = Debug|Win32
		{4ED88602-695D-4896-B74C-6BF680C3DA34}.Debug|x86.Build.0 = Debug|Win32
		{4ED88602-695D-4896-B74C-6BF680C3DA34}.Release|x64.ActiveCfg = Release|x64
		{4ED88602-695D-4896-B74C-6BF680C3DA34}.Release|x64.Build.0 = Release|x64
		{4ED88602-695D-4896-B74C-6BF680C3DA34}.Release|x86.ActiveCfg = Release|Win32
		{4ED88602-695D-4896-B74C-6BF680C3DA34}.Release|x86.Build.0 = Release|Win32
	EndGlobalSection
	GlobalSection(SolutionProperties) = preSolution
		HideSolutionNode = FALSE
	EndGlobalSection
EndGlobal
